
Microsoft Visual Studio Solution File, Format Version 12.00
# Visual Studio 15
VisualStudioVersion = 15.0.28010.2026
MinimumVisualStudioVersion = 10.0.40219.1
Project("{FAE04EC0-301F-11D3-BF4B-00C04F79EFBC}") = "RecordShop", "RecordShop\RecordShop.csproj", "{EB13167E-A759-486B-97D3-0D72D2A9CDF8}"
EndProject
Global
	GlobalSection(SolutionConfigurationPlatforms) = preSolution
		Debug|Any CPU = Debug|Any CPU
		Release|Any CPU = Release|Any CPU
	EndGlobalSection
	GlobalSection(ProjectConfigurationPlatforms) = postSolution
		{EB13167E-A759-486B-97D3-0D72D2A9CDF8}.Debug|Any CPU.ActiveCfg = Debug|Any CPU
		{EB13167E-A759-486B-97D3-0D72D2A9CDF8}.Debug|Any CPU.Build.0 = Debug|Any CPU
		{EB13167E-A759-486B-97D3-0D72D2A9CDF8}.Release|Any CPU.ActiveCfg = Release|Any CPU
		{EB13167E-A759-486B-97D3-0D72D2A9CDF8}.Release|Any CPU.Build.0 = Release|Any CPU
	EndGlobalSection
	GlobalSection(SolutionProperties) = preSolution
		HideSolutionNode = FALSE
	EndGlobalSection
	GlobalSection(ExtensibilityGlobals) = postSolution
		SolutionGuid = {FB2ABA38-C4C1-4CC4-9585-069B936133B1}
	EndGlobalSection
EndGlobal
